// !$*UTF8*$!
{
	archiveVersion = 1;
	classes = {
	};
	objectVersion = 46;
	objects = {

/* Begin PBXBuildFile section */
		144B80843DA49CB2582BA43A /* Pods_immedia_socialUITests.framework in Frameworks */ = {isa = PBXBuildFile; fileRef = A922E249B631EE21CA1F8606 /* Pods_immedia_socialUITests.framework */; };
		5A632C9EB5A393339E2CAD78 /* Pods_immedia_social.framework in Frameworks */ = {isa = PBXBuildFile; fileRef = ADF3905E2034451C94C2FD74 /* Pods_immedia_social.framework */; };
		5E18B9031E854BB5000D6153 /* Constants.swift in Sources */ = {isa = PBXBuildFile; fileRef = 5E18B9021E854BB5000D6153 /* Constants.swift */; };
		5E18B9051E854E7F000D6153 /* ChatTableViewController.swift in Sources */ = {isa = PBXBuildFile; fileRef = 5E18B9041E854E7F000D6153 /* ChatTableViewController.swift */; };
		5E18B9071E85517E000D6153 /* HomeTableViewController.swift in Sources */ = {isa = PBXBuildFile; fileRef = 5E18B9061E85517E000D6153 /* HomeTableViewController.swift */; };
		5E18B9091E855A47000D6153 /* HomeViewController.swift in Sources */ = {isa = PBXBuildFile; fileRef = 5E18B9081E855A47000D6153 /* HomeViewController.swift */; };
		5E1B484F1E83A07E003A437D /* AppDelegate.swift in Sources */ = {isa = PBXBuildFile; fileRef = 5E1B484E1E83A07E003A437D /* AppDelegate.swift */; };
		5E1B48511E83A07E003A437D /* ViewController.swift in Sources */ = {isa = PBXBuildFile; fileRef = 5E1B48501E83A07E003A437D /* ViewController.swift */; };
		5E1B48541E83A07E003A437D /* Main.storyboard in Resources */ = {isa = PBXBuildFile; fileRef = 5E1B48521E83A07E003A437D /* Main.storyboard */; };
		5E1B48561E83A07E003A437D /* Assets.xcassets in Resources */ = {isa = PBXBuildFile; fileRef = 5E1B48551E83A07E003A437D /* Assets.xcassets */; };
		5E1B48591E83A07E003A437D /* LaunchScreen.storyboard in Resources */ = {isa = PBXBuildFile; fileRef = 5E1B48571E83A07E003A437D /* LaunchScreen.storyboard */; };
		5E1B48641E83A07E003A437D /* immedia_socialTests.swift in Sources */ = {isa = PBXBuildFile; fileRef = 5E1B48631E83A07E003A437D /* immedia_socialTests.swift */; };
		5E1B486F1E83A07E003A437D /* immedia_socialUITests.swift in Sources */ = {isa = PBXBuildFile; fileRef = 5E1B486E1E83A07E003A437D /* immedia_socialUITests.swift */; };
		5E1B487D1E83A6D3003A437D /* GoogleService-Info.plist in Resources */ = {isa = PBXBuildFile; fileRef = 5E1B487C1E83A6D3003A437D /* GoogleService-Info.plist */; };
		5E1B48821E83AC4C003A437D /* LoginViewController.swift in Sources */ = {isa = PBXBuildFile; fileRef = 5E1B48811E83AC4C003A437D /* LoginViewController.swift */; };
		AAA99833AA1570D263E6B623 /* Pods_immedia_socialTests.framework in Frameworks */ = {isa = PBXBuildFile; fileRef = B0AD2EF6321E7121504D2A6C /* Pods_immedia_socialTests.framework */; };
/* End PBXBuildFile section */

/* Begin PBXContainerItemProxy section */
		5E1B48601E83A07E003A437D /* PBXContainerItemProxy */ = {
			isa = PBXContainerItemProxy;
			containerPortal = 5E1B48431E83A07E003A437D /* Project object */;
			proxyType = 1;
			remoteGlobalIDString = 5E1B484A1E83A07E003A437D;
			remoteInfo = "immedia social";
		};
		5E1B486B1E83A07E003A437D /* PBXContainerItemProxy */ = {
			isa = PBXContainerItemProxy;
			containerPortal = 5E1B48431E83A07E003A437D /* Project object */;
			proxyType = 1;
			remoteGlobalIDString = 5E1B484A1E83A07E003A437D;
			remoteInfo = "immedia social";
		};
/* End PBXContainerItemProxy section */

/* Begin PBXFileReference section */
		3E67D1FDF14C8526D8822D9E /* Pods-immedia socialUITests.release.xcconfig */ = {isa = PBXFileReference; includeInIndex = 1; lastKnownFileType = text.xcconfig; name = "Pods-immedia socialUITests.release.xcconfig"; path = "Pods/Target Support Files/Pods-immedia socialUITests/Pods-immedia socialUITests.release.xcconfig"; sourceTree = "<group>"; };
		4963EE052C46C9B4B4E3E8D2 /* Pods-immedia social.debug.xcconfig */ = {isa = PBXFileReference; includeInIndex = 1; lastKnownFileType = text.xcconfig; name = "Pods-immedia social.debug.xcconfig"; path = "Pods/Target Support Files/Pods-immedia social/Pods-immedia social.debug.xcconfig"; sourceTree = "<group>"; };
		5E18B9021E854BB5000D6153 /* Constants.swift */ = {isa = PBXFileReference; fileEncoding = 4; lastKnownFileType = sourcecode.swift; path = Constants.swift; sourceTree = "<group>"; };
		5E18B9041E854E7F000D6153 /* ChatTableViewController.swift */ = {isa = PBXFileReference; fileEncoding = 4; lastKnownFileType = sourcecode.swift; path = ChatTableViewController.swift; sourceTree = "<group>"; };
		5E18B9061E85517E000D6153 /* HomeTableViewController.swift */ = {isa = PBXFileReference; fileEncoding = 4; lastKnownFileType = sourcecode.swift; path = HomeTableViewController.swift; sourceTree = "<group>"; };
		5E18B9081E855A47000D6153 /* HomeViewController.swift */ = {isa = PBXFileReference; fileEncoding = 4; lastKnownFileType = sourcecode.swift; path = HomeViewController.swift; sourceTree = "<group>"; };
		5E1B484B1E83A07E003A437D /* immedia social.app */ = {isa = PBXFileReference; explicitFileType = wrapper.application; includeInIndex = 0; path = "immedia social.app"; sourceTree = BUILT_PRODUCTS_DIR; };
		5E1B484E1E83A07E003A437D /* AppDelegate.swift */ = {isa = PBXFileReference; lastKnownFileType = sourcecode.swift; path = AppDelegate.swift; sourceTree = "<group>"; };
		5E1B48501E83A07E003A437D /* ViewController.swift */ = {isa = PBXFileReference; lastKnownFileType = sourcecode.swift; path = ViewController.swift; sourceTree = "<group>"; };
		5E1B48531E83A07E003A437D /* Base */ = {isa = PBXFileReference; lastKnownFileType = file.storyboard; name = Base; path = Base.lproj/Main.storyboard; sourceTree = "<group>"; };
		5E1B48551E83A07E003A437D /* Assets.xcassets */ = {isa = PBXFileReference; lastKnownFileType = folder.assetcatalog; path = Assets.xcassets; sourceTree = "<group>"; };
		5E1B48581E83A07E003A437D /* Base */ = {isa = PBXFileReference; lastKnownFileType = file.storyboard; name = Base; path = Base.lproj/LaunchScreen.storyboard; sourceTree = "<group>"; };
		5E1B485A1E83A07E003A437D /* Info.plist */ = {isa = PBXFileReference; lastKnownFileType = text.plist.xml; path = Info.plist; sourceTree = "<group>"; };
		5E1B485F1E83A07E003A437D /* immedia socialTests.xctest */ = {isa = PBXFileReference; explicitFileType = wrapper.cfbundle; includeInIndex = 0; path = "immedia socialTests.xctest"; sourceTree = BUILT_PRODUCTS_DIR; };
		5E1B48631E83A07E003A437D /* immedia_socialTests.swift */ = {isa = PBXFileReference; lastKnownFileType = sourcecode.swift; path = immedia_socialTests.swift; sourceTree = "<group>"; };
		5E1B48651E83A07E003A437D /* Info.plist */ = {isa = PBXFileReference; lastKnownFileType = text.plist.xml; path = Info.plist; sourceTree = "<group>"; };
		5E1B486A1E83A07E003A437D /* immedia socialUITests.xctest */ = {isa = PBXFileReference; explicitFileType = wrapper.cfbundle; includeInIndex = 0; path = "immedia socialUITests.xctest"; sourceTree = BUILT_PRODUCTS_DIR; };
		5E1B486E1E83A07E003A437D /* immedia_socialUITests.swift */ = {isa = PBXFileReference; lastKnownFileType = sourcecode.swift; path = immedia_socialUITests.swift; sourceTree = "<group>"; };
		5E1B48701E83A07E003A437D /* Info.plist */ = {isa = PBXFileReference; lastKnownFileType = text.plist.xml; path = Info.plist; sourceTree = "<group>"; };
		5E1B487C1E83A6D3003A437D /* GoogleService-Info.plist */ = {isa = PBXFileReference; fileEncoding = 4; lastKnownFileType = text.plist.xml; path = "GoogleService-Info.plist"; sourceTree = "<group>"; };
		5E1B48811E83AC4C003A437D /* LoginViewController.swift */ = {isa = PBXFileReference; fileEncoding = 4; lastKnownFileType = sourcecode.swift; path = LoginViewController.swift; sourceTree = "<group>"; };
		6763F73FA711945D63A17B50 /* Pods-immedia socialTests.release.xcconfig */ = {isa = PBXFileReference; includeInIndex = 1; lastKnownFileType = text.xcconfig; name = "Pods-immedia socialTests.release.xcconfig"; path = "Pods/Target Support Files/Pods-immedia socialTests/Pods-immedia socialTests.release.xcconfig"; sourceTree = "<group>"; };
		A922E249B631EE21CA1F8606 /* Pods_immedia_socialUITests.framework */ = {isa = PBXFileReference; explicitFileType = wrapper.framework; includeInIndex = 0; path = Pods_immedia_socialUITests.framework; sourceTree = BUILT_PRODUCTS_DIR; };
		ADF3905E2034451C94C2FD74 /* Pods_immedia_social.framework */ = {isa = PBXFileReference; explicitFileType = wrapper.framework; includeInIndex = 0; path = Pods_immedia_social.framework; sourceTree = BUILT_PRODUCTS_DIR; };
		B0AD2EF6321E7121504D2A6C /* Pods_immedia_socialTests.framework */ = {isa = PBXFileReference; explicitFileType = wrapper.framework; includeInIndex = 0; path = Pods_immedia_socialTests.framework; sourceTree = BUILT_PRODUCTS_DIR; };
		B96F6C950E31AB9063D802DE /* Pods-immedia socialTests.debug.xcconfig */ = {isa = PBXFileReference; includeInIndex = 1; lastKnownFileType = text.xcconfig; name = "Pods-immedia socialTests.debug.xcconfig"; path = "Pods/Target Support Files/Pods-immedia socialTests/Pods-immedia socialTests.debug.xcconfig"; sourceTree = "<group>"; };
		E8EE435AD73BAA3552D4DDB8 /* Pods-immedia socialUITests.debug.xcconfig */ = {isa = PBXFileReference; includeInIndex = 1; lastKnownFileType = text.xcconfig; name = "Pods-immedia socialUITests.debug.xcconfig"; path = "Pods/Target Support Files/Pods-immedia socialUITests/Pods-immedia socialUITests.debug.xcconfig"; sourceTree = "<group>"; };
		FA67DC00E6C5D9BD9D678FDC /* Pods-immedia social.release.xcconfig */ = {isa = PBXFileReference; includeInIndex = 1; lastKnownFileType = text.xcconfig; name = "Pods-immedia social.release.xcconfig"; path = "Pods/Target Support Files/Pods-immedia social/Pods-immedia social.release.xcconfig"; sourceTree = "<group>"; };
/* End PBXFileReference section */

/* Begin PBXFrameworksBuildPhase section */
		5E1B48481E83A07E003A437D /* Frameworks */ = {
			isa = PBXFrameworksBuildPhase;
			buildActionMask = 2147483647;
			files = (
				5A632C9EB5A393339E2CAD78 /* Pods_immedia_social.framework in Frameworks */,
			);
			runOnlyForDeploymentPostprocessing = 0;
		};
		5E1B485C1E83A07E003A437D /* Frameworks */ = {
			isa = PBXFrameworksBuildPhase;
			buildActionMask = 2147483647;
			files = (
				AAA99833AA1570D263E6B623 /* Pods_immedia_socialTests.framework in Frameworks */,
			);
			runOnlyForDeploymentPostprocessing = 0;
		};
		5E1B48671E83A07E003A437D /* Frameworks */ = {
			isa = PBXFrameworksBuildPhase;
			buildActionMask = 2147483647;
			files = (
				144B80843DA49CB2582BA43A /* Pods_immedia_socialUITests.framework in Frameworks */,
			);
			runOnlyForDeploymentPostprocessing = 0;
		};
/* End PBXFrameworksBuildPhase section */

/* Begin PBXGroup section */
		5E18B9011E854B9D000D6153 /* Utils */ = {
			isa = PBXGroup;
			children = (
				5E18B9021E854BB5000D6153 /* Constants.swift */,
			);
			name = Utils;
			sourceTree = "<group>";
		};
		5E1B48421E83A07E003A437D = {
			isa = PBXGroup;
			children = (
				5E1B487C1E83A6D3003A437D /* GoogleService-Info.plist */,
				5E1B484D1E83A07E003A437D /* immedia social */,
				5E1B48621E83A07E003A437D /* immedia socialTests */,
				5E1B486D1E83A07E003A437D /* immedia socialUITests */,
				5E1B484C1E83A07E003A437D /* Products */,
				8EC81154A8D9F1D556133CBF /* Pods */,
				EB09236360484826C1575003 /* Frameworks */,
			);
			sourceTree = "<group>";
		};
		5E1B484C1E83A07E003A437D /* Products */ = {
			isa = PBXGroup;
			children = (
				5E1B484B1E83A07E003A437D /* immedia social.app */,
				5E1B485F1E83A07E003A437D /* immedia socialTests.xctest */,
				5E1B486A1E83A07E003A437D /* immedia socialUITests.xctest */,
			);
			name = Products;
			sourceTree = "<group>";
		};
		5E1B484D1E83A07E003A437D /* immedia social */ = {
			isa = PBXGroup;
			children = (
				5E18B9011E854B9D000D6153 /* Utils */,
				5E1B487E1E83AC05003A437D /* Model */,
				5E1B487F1E83AC0E003A437D /* View */,
				5E1B48801E83AC17003A437D /* Controller */,
				5E1B484E1E83A07E003A437D /* AppDelegate.swift */,
				5E1B48521E83A07E003A437D /* Main.storyboard */,
				5E1B48551E83A07E003A437D /* Assets.xcassets */,
				5E1B48571E83A07E003A437D /* LaunchScreen.storyboard */,
				5E1B485A1E83A07E003A437D /* Info.plist */,
			);
			path = "immedia social";
			sourceTree = "<group>";
		};
		5E1B48621E83A07E003A437D /* immedia socialTests */ = {
			isa = PBXGroup;
			children = (
				5E1B48631E83A07E003A437D /* immedia_socialTests.swift */,
				5E1B48651E83A07E003A437D /* Info.plist */,
			);
			path = "immedia socialTests";
			sourceTree = "<group>";
		};
		5E1B486D1E83A07E003A437D /* immedia socialUITests */ = {
			isa = PBXGroup;
			children = (
				5E1B486E1E83A07E003A437D /* immedia_socialUITests.swift */,
				5E1B48701E83A07E003A437D /* Info.plist */,
			);
			path = "immedia socialUITests";
			sourceTree = "<group>";
		};
		5E1B487E1E83AC05003A437D /* Model */ = {
			isa = PBXGroup;
			children = (
			);
			name = Model;
			sourceTree = "<group>";
		};
		5E1B487F1E83AC0E003A437D /* View */ = {
			isa = PBXGroup;
			children = (
			);
			name = View;
			sourceTree = "<group>";
		};
		5E1B48801E83AC17003A437D /* Controller */ = {
			isa = PBXGroup;
			children = (
				5E1B48811E83AC4C003A437D /* LoginViewController.swift */,
				5E1B48501E83A07E003A437D /* ViewController.swift */,
				5E18B9041E854E7F000D6153 /* ChatTableViewController.swift */,
				5E18B9061E85517E000D6153 /* HomeTableViewController.swift */,
				5E18B9081E855A47000D6153 /* HomeViewController.swift */,
			);
			name = Controller;
			sourceTree = "<group>";
		};
		8EC81154A8D9F1D556133CBF /* Pods */ = {
			isa = PBXGroup;
			children = (
				4963EE052C46C9B4B4E3E8D2 /* Pods-immedia social.debug.xcconfig */,
				FA67DC00E6C5D9BD9D678FDC /* Pods-immedia social.release.xcconfig */,
				B96F6C950E31AB9063D802DE /* Pods-immedia socialTests.debug.xcconfig */,
				6763F73FA711945D63A17B50 /* Pods-immedia socialTests.release.xcconfig */,
				E8EE435AD73BAA3552D4DDB8 /* Pods-immedia socialUITests.debug.xcconfig */,
				3E67D1FDF14C8526D8822D9E /* Pods-immedia socialUITests.release.xcconfig */,
			);
			name = Pods;
			sourceTree = "<group>";
		};
		EB09236360484826C1575003 /* Frameworks */ = {
			isa = PBXGroup;
			children = (
				ADF3905E2034451C94C2FD74 /* Pods_immedia_social.framework */,
				B0AD2EF6321E7121504D2A6C /* Pods_immedia_socialTests.framework */,
				A922E249B631EE21CA1F8606 /* Pods_immedia_socialUITests.framework */,
			);
			name = Frameworks;
			sourceTree = "<group>";
		};
/* End PBXGroup section */

/* Begin PBXNativeTarget section */
		5E1B484A1E83A07E003A437D /* immedia social */ = {
			isa = PBXNativeTarget;
			buildConfigurationList = 5E1B48731E83A07E003A437D /* Build configuration list for PBXNativeTarget "immedia social" */;
			buildPhases = (
				D0488FEA823FFA8DDD573BB3 /* [CP] Check Pods Manifest.lock */,
				5E1B48471E83A07E003A437D /* Sources */,
				5E1B48481E83A07E003A437D /* Frameworks */,
				5E1B48491E83A07E003A437D /* Resources */,
				542D0E792712966789D62871 /* [CP] Embed Pods Frameworks */,
				2F3831E161EDCAD5F27A49E0 /* [CP] Copy Pods Resources */,
			);
			buildRules = (
			);
			dependencies = (
			);
			name = "immedia social";
			productName = "immedia social";
			productReference = 5E1B484B1E83A07E003A437D /* immedia social.app */;
			productType = "com.apple.product-type.application";
		};
		5E1B485E1E83A07E003A437D /* immedia socialTests */ = {
			isa = PBXNativeTarget;
			buildConfigurationList = 5E1B48761E83A07E003A437D /* Build configuration list for PBXNativeTarget "immedia socialTests" */;
			buildPhases = (
				D5895263BDF4E1A96A6F2D39 /* [CP] Check Pods Manifest.lock */,
				5E1B485B1E83A07E003A437D /* Sources */,
				5E1B485C1E83A07E003A437D /* Frameworks */,
				5E1B485D1E83A07E003A437D /* Resources */,
				1141598433B1AF35BBAC729D /* [CP] Embed Pods Frameworks */,
				D1DF79125760CA06ABE8F562 /* [CP] Copy Pods Resources */,
			);
			buildRules = (
			);
			dependencies = (
				5E1B48611E83A07E003A437D /* PBXTargetDependency */,
			);
			name = "immedia socialTests";
			productName = "immedia socialTests";
			productReference = 5E1B485F1E83A07E003A437D /* immedia socialTests.xctest */;
			productType = "com.apple.product-type.bundle.unit-test";
		};
		5E1B48691E83A07E003A437D /* immedia socialUITests */ = {
			isa = PBXNativeTarget;
			buildConfigurationList = 5E1B48791E83A07E003A437D /* Build configuration list for PBXNativeTarget "immedia socialUITests" */;
			buildPhases = (
				13BB2C35E3E7ECDAEA3B542B /* [CP] Check Pods Manifest.lock */,
				5E1B48661E83A07E003A437D /* Sources */,
				5E1B48671E83A07E003A437D /* Frameworks */,
				5E1B48681E83A07E003A437D /* Resources */,
				5576F281B619F76B8A380312 /* [CP] Embed Pods Frameworks */,
				73C0224594ADEBDDE800D267 /* [CP] Copy Pods Resources */,
			);
			buildRules = (
			);
			dependencies = (
				5E1B486C1E83A07E003A437D /* PBXTargetDependency */,
			);
			name = "immedia socialUITests";
			productName = "immedia socialUITests";
			productReference = 5E1B486A1E83A07E003A437D /* immedia socialUITests.xctest */;
			productType = "com.apple.product-type.bundle.ui-testing";
		};
/* End PBXNativeTarget section */

/* Begin PBXProject section */
		5E1B48431E83A07E003A437D /* Project object */ = {
			isa = PBXProject;
			attributes = {
				LastSwiftUpdateCheck = 0820;
				LastUpgradeCheck = 0820;
				ORGANIZATIONNAME = immedia;
				TargetAttributes = {
					5E1B484A1E83A07E003A437D = {
						CreatedOnToolsVersion = 8.2.1;
						DevelopmentTeam = 7V98VR8KP8;
						ProvisioningStyle = Automatic;
					};
					5E1B485E1E83A07E003A437D = {
						CreatedOnToolsVersion = 8.2.1;
						DevelopmentTeam = 7V98VR8KP8;
						ProvisioningStyle = Automatic;
						TestTargetID = 5E1B484A1E83A07E003A437D;
					};
					5E1B48691E83A07E003A437D = {
						CreatedOnToolsVersion = 8.2.1;
						DevelopmentTeam = 7V98VR8KP8;
						ProvisioningStyle = Automatic;
						TestTargetID = 5E1B484A1E83A07E003A437D;
					};
				};
			};
			buildConfigurationList = 5E1B48461E83A07E003A437D /* Build configuration list for PBXProject "immedia social" */;
			compatibilityVersion = "Xcode 3.2";
			developmentRegion = English;
			hasScannedForEncodings = 0;
			knownRegions = (
				en,
				Base,
			);
			mainGroup = 5E1B48421E83A07E003A437D;
			productRefGroup = 5E1B484C1E83A07E003A437D /* Products */;
			projectDirPath = "";
			projectRoot = "";
			targets = (
				5E1B484A1E83A07E003A437D /* immedia social */,
				5E1B485E1E83A07E003A437D /* immedia socialTests */,
				5E1B48691E83A07E003A437D /* immedia socialUITests */,
			);
		};
/* End PBXProject section */

/* Begin PBXResourcesBuildPhase section */
		5E1B48491E83A07E003A437D /* Resources */ = {
			isa = PBXResourcesBuildPhase;
			buildActionMask = 2147483647;
			files = (
				5E1B48591E83A07E003A437D /* LaunchScreen.storyboard in Resources */,
				5E1B487D1E83A6D3003A437D /* GoogleService-Info.plist in Resources */,
				5E1B48561E83A07E003A437D /* Assets.xcassets in Resources */,
				5E1B48541E83A07E003A437D /* Main.storyboard in Resources */,
			);
			runOnlyForDeploymentPostprocessing = 0;
		};
		5E1B485D1E83A07E003A437D /* Resources */ = {
			isa = PBXResourcesBuildPhase;
			buildActionMask = 2147483647;
			files = (
			);
			runOnlyForDeploymentPostprocessing = 0;
		};
		5E1B48681E83A07E003A437D /* Resources */ = {
			isa = PBXResourcesBuildPhase;
			buildActionMask = 2147483647;
			files = (
			);
			runOnlyForDeploymentPostprocessing = 0;
		};
/* End PBXResourcesBuildPhase section */

/* Begin PBXShellScriptBuildPhase section */
		1141598433B1AF35BBAC729D /* [CP] Embed Pods Frameworks */ = {
			isa = PBXShellScriptBuildPhase;
			buildActionMask = 2147483647;
			files = (
			);
			inputPaths = (
			);
			name = "[CP] Embed Pods Frameworks";
			outputPaths = (
			);
			runOnlyForDeploymentPostprocessing = 0;
			shellPath = /bin/sh;
			shellScript = "\"${SRCROOT}/Pods/Target Support Files/Pods-immedia socialTests/Pods-immedia socialTests-frameworks.sh\"\n";
			showEnvVarsInLog = 0;
		};
		13BB2C35E3E7ECDAEA3B542B /* [CP] Check Pods Manifest.lock */ = {
			isa = PBXShellScriptBuildPhase;
			buildActionMask = 2147483647;
			files = (
			);
			inputPaths = (
			);
			name = "[CP] Check Pods Manifest.lock";
			outputPaths = (
			);
			runOnlyForDeploymentPostprocessing = 0;
			shellPath = /bin/sh;
			shellScript = "diff \"${PODS_ROOT}/../Podfile.lock\" \"${PODS_ROOT}/Manifest.lock\" > /dev/null\nif [ $? != 0 ] ; then\n    # print error to STDERR\n    echo \"error: The sandbox is not in sync with the Podfile.lock. Run 'pod install' or update your CocoaPods installation.\" >&2\n    exit 1\nfi\n";
			showEnvVarsInLog = 0;
		};
		2F3831E161EDCAD5F27A49E0 /* [CP] Copy Pods Resources */ = {
			isa = PBXShellScriptBuildPhase;
			buildActionMask = 2147483647;
			files = (
			);
			inputPaths = (
			);
			name = "[CP] Copy Pods Resources";
			outputPaths = (
			);
			runOnlyForDeploymentPostprocessing = 0;
			shellPath = /bin/sh;
			shellScript = "\"${SRCROOT}/Pods/Target Support Files/Pods-immedia social/Pods-immedia social-resources.sh\"\n";
			showEnvVarsInLog = 0;
		};
		542D0E792712966789D62871 /* [CP] Embed Pods Frameworks */ = {
			isa = PBXShellScriptBuildPhase;
			buildActionMask = 2147483647;
			files = (
			);
			inputPaths = (
			);
			name = "[CP] Embed Pods Frameworks";
			outputPaths = (
			);
			runOnlyForDeploymentPostprocessing = 0;
			shellPath = /bin/sh;
			shellScript = "\"${SRCROOT}/Pods/Target Support Files/Pods-immedia social/Pods-immedia social-frameworks.sh\"\n";
			showEnvVarsInLog = 0;
		};
		5576F281B619F76B8A380312 /* [CP] Embed Pods Frameworks */ = {
			isa = PBXShellScriptBuildPhase;
			buildActionMask = 2147483647;
			files = (
			);
			inputPaths = (
			);
			name = "[CP] Embed Pods Frameworks";
			outputPaths = (
			);
			runOnlyForDeploymentPostprocessing = 0;
			shellPath = /bin/sh;
			shellScript = "\"${SRCROOT}/Pods/Target Support Files/Pods-immedia socialUITests/Pods-immedia socialUITests-frameworks.sh\"\n";
			showEnvVarsInLog = 0;
		};
		73C0224594ADEBDDE800D267 /* [CP] Copy Pods Resources */ = {
			isa = PBXShellScriptBuildPhase;
			buildActionMask = 2147483647;
			files = (
			);
			inputPaths = (
			);
			name = "[CP] Copy Pods Resources";
			outputPaths = (
			);
			runOnlyForDeploymentPostprocessing = 0;
			shellPath = /bin/sh;
			shellScript = "\"${SRCROOT}/Pods/Target Support Files/Pods-immedia socialUITests/Pods-immedia socialUITests-resources.sh\"\n";
			showEnvVarsInLog = 0;
		};
		D0488FEA823FFA8DDD573BB3 /* [CP] Check Pods Manifest.lock */ = {
			isa = PBXShellScriptBuildPhase;
			buildActionMask = 2147483647;
			files = (
			);
			inputPaths = (
			);
			name = "[CP] Check Pods Manifest.lock";
			outputPaths = (
			);
			runOnlyForDeploymentPostprocessing = 0;
			shellPath = /bin/sh;
			shellScript = "diff \"${PODS_ROOT}/../Podfile.lock\" \"${PODS_ROOT}/Manifest.lock\" > /dev/null\nif [ $? != 0 ] ; then\n    # print error to STDERR\n    echo \"error: The sandbox is not in sync with the Podfile.lock. Run 'pod install' or update your CocoaPods installation.\" >&2\n    exit 1\nfi\n";
			showEnvVarsInLog = 0;
		};
		D1DF79125760CA06ABE8F562 /* [CP] Copy Pods Resources */ = {
			isa = PBXShellScriptBuildPhase;
			buildActionMask = 2147483647;
			files = (
			);
			inputPaths = (
			);
			name = "[CP] Copy Pods Resources";
			outputPaths = (
			);
			runOnlyForDeploymentPostprocessing = 0;
			shellPath = /bin/sh;
			shellScript = "\"${SRCROOT}/Pods/Target Support Files/Pods-immedia socialTests/Pods-immedia socialTests-resources.sh\"\n";
			showEnvVarsInLog = 0;
		};
		D5895263BDF4E1A96A6F2D39 /* [CP] Check Pods Manifest.lock */ = {
			isa = PBXShellScriptBuildPhase;
			buildActionMask = 2147483647;
			files = (
			);
			inputPaths = (
			);
			name = "[CP] Check Pods Manifest.lock";
			outputPaths = (
			);
			runOnlyForDeploymentPostprocessing = 0;
			shellPath = /bin/sh;
			shellScript = "diff \"${PODS_ROOT}/../Podfile.lock\" \"${PODS_ROOT}/Manifest.lock\" > /dev/null\nif [ $? != 0 ] ; then\n    # print error to STDERR\n    echo \"error: The sandbox is not in sync with the Podfile.lock. Run 'pod install' or update your CocoaPods installation.\" >&2\n    exit 1\nfi\n";
			showEnvVarsInLog = 0;
		};
/* End PBXShellScriptBuildPhase section */

/* Begin PBXSourcesBuildPhase section */
		5E1B48471E83A07E003A437D /* Sources */ = {
			isa = PBXSourcesBuildPhase;
			buildActionMask = 2147483647;
			files = (
				5E18B9071E85517E000D6153 /* HomeTableViewController.swift in Sources */,
				5E1B48821E83AC4C003A437D /* LoginViewController.swift in Sources */,
				5E1B48511E83A07E003A437D /* ViewController.swift in Sources */,
				5E1B484F1E83A07E003A437D /* AppDelegate.swift in Sources */,
				5E18B9031E854BB5000D6153 /* Constants.swift in Sources */,
				5E18B9091E855A47000D6153 /* HomeViewController.swift in Sources */,
				5E18B9051E854E7F000D6153 /* ChatTableViewController.swift in Sources */,
			);
			runOnlyForDeploymentPostprocessing = 0;
		};
		5E1B485B1E83A07E003A437D /* Sources */ = {
			isa = PBXSourcesBuildPhase;
			buildActionMask = 2147483647;
			files = (
				5E1B48641E83A07E003A437D /* immedia_socialTests.swift in Sources */,
			);
			runOnlyForDeploymentPostprocessing = 0;
		};
		5E1B48661E83A07E003A437D /* Sources */ = {
			isa = PBXSourcesBuildPhase;
			buildActionMask = 2147483647;
			files = (
				5E1B486F1E83A07E003A437D /* immedia_socialUITests.swift in Sources */,
			);
			runOnlyForDeploymentPostprocessing = 0;
		};
/* End PBXSourcesBuildPhase section */

/* Begin PBXTargetDependency section */
		5E1B48611E83A07E003A437D /* PBXTargetDependency */ = {
			isa = PBXTargetDependency;
			target = 5E1B484A1E83A07E003A437D /* immedia social */;
			targetProxy = 5E1B48601E83A07E003A437D /* PBXContainerItemProxy */;
		};
		5E1B486C1E83A07E003A437D /* PBXTargetDependency */ = {
			isa = PBXTargetDependency;
			target = 5E1B484A1E83A07E003A437D /* immedia social */;
			targetProxy = 5E1B486B1E83A07E003A437D /* PBXContainerItemProxy */;
		};
/* End PBXTargetDependency section */

/* Begin PBXVariantGroup section */
		5E1B48521E83A07E003A437D /* Main.storyboard */ = {
			isa = PBXVariantGroup;
			children = (
				5E1B48531E83A07E003A437D /* Base */,
			);
			name = Main.storyboard;
			sourceTree = "<group>";
		};
		5E1B48571E83A07E003A437D /* LaunchScreen.storyboard */ = {
			isa = PBXVariantGroup;
			children = (
				5E1B48581E83A07E003A437D /* Base */,
			);
			name = LaunchScreen.storyboard;
			sourceTree = "<group>";
		};
/* End PBXVariantGroup section */

/* Begin XCBuildConfiguration section */
		5E1B48711E83A07E003A437D /* Debug */ = {
			isa = XCBuildConfiguration;
			buildSettings = {
				ALWAYS_SEARCH_USER_PATHS = NO;
				CLANG_ANALYZER_NONNULL = YES;
				CLANG_CXX_LANGUAGE_STANDARD = "gnu++0x";
				CLANG_CXX_LIBRARY = "libc++";
				CLANG_ENABLE_MODULES = YES;
				CLANG_ENABLE_OBJC_ARC = YES;
				CLANG_WARN_BOOL_CONVERSION = YES;
				CLANG_WARN_CONSTANT_CONVERSION = YES;
				CLANG_WARN_DIRECT_OBJC_ISA_USAGE = YES_ERROR;
				CLANG_WARN_DOCUMENTATION_COMMENTS = YES;
				CLANG_WARN_EMPTY_BODY = YES;
				CLANG_WARN_ENUM_CONVERSION = YES;
				CLANG_WARN_INFINITE_RECURSION = YES;
				CLANG_WARN_INT_CONVERSION = YES;
				CLANG_WARN_OBJC_ROOT_CLASS = YES_ERROR;
				CLANG_WARN_SUSPICIOUS_MOVE = YES;
				CLANG_WARN_UNREACHABLE_CODE = YES;
				CLANG_WARN__DUPLICATE_METHOD_MATCH = YES;
				"CODE_SIGN_IDENTITY[sdk=iphoneos*]" = "iPhone Developer";
				COPY_PHASE_STRIP = NO;
				DEBUG_INFORMATION_FORMAT = dwarf;
				ENABLE_STRICT_OBJC_MSGSEND = YES;
				ENABLE_TESTABILITY = YES;
				GCC_C_LANGUAGE_STANDARD = gnu99;
				GCC_DYNAMIC_NO_PIC = NO;
				GCC_NO_COMMON_BLOCKS = YES;
				GCC_OPTIMIZATION_LEVEL = 0;
				GCC_PREPROCESSOR_DEFINITIONS = (
					"DEBUG=1",
					"$(inherited)",
				);
				GCC_WARN_64_TO_32_BIT_CONVERSION = YES;
				GCC_WARN_ABOUT_RETURN_TYPE = YES_ERROR;
				GCC_WARN_UNDECLARED_SELECTOR = YES;
				GCC_WARN_UNINITIALIZED_AUTOS = YES_AGGRESSIVE;
				GCC_WARN_UNUSED_FUNCTION = YES;
				GCC_WARN_UNUSED_VARIABLE = YES;
				IPHONEOS_DEPLOYMENT_TARGET = 10.2;
				MTL_ENABLE_DEBUG_INFO = YES;
				ONLY_ACTIVE_ARCH = YES;
				SDKROOT = iphoneos;
				SWIFT_ACTIVE_COMPILATION_CONDITIONS = DEBUG;
				SWIFT_OPTIMIZATION_LEVEL = "-Onone";
				TARGETED_DEVICE_FAMILY = "1,2";
			};
			name = Debug;
		};
		5E1B48721E83A07E003A437D /* Release */ = {
			isa = XCBuildConfiguration;
			buildSettings = {
				ALWAYS_SEARCH_USER_PATHS = NO;
				CLANG_ANALYZER_NONNULL = YES;
				CLANG_CXX_LANGUAGE_STANDARD = "gnu++0x";
				CLANG_CXX_LIBRARY = "libc++";
				CLANG_ENABLE_MODULES = YES;
				CLANG_ENABLE_OBJC_ARC = YES;
				CLANG_WARN_BOOL_CONVERSION = YES;
				CLANG_WARN_CONSTANT_CONVERSION = YES;
				CLANG_WARN_DIRECT_OBJC_ISA_USAGE = YES_ERROR;
				CLANG_WARN_DOCUMENTATION_COMMENTS = YES;
				CLANG_WARN_EMPTY_BODY = YES;
				CLANG_WARN_ENUM_CONVERSION = YES;
				CLANG_WARN_INFINITE_RECURSION = YES;
				CLANG_WARN_INT_CONVERSION = YES;
				CLANG_WARN_OBJC_ROOT_CLASS = YES_ERROR;
				CLANG_WARN_SUSPICIOUS_MOVE = YES;
				CLANG_WARN_UNREACHABLE_CODE = YES;
				CLANG_WARN__DUPLICATE_METHOD_MATCH = YES;
				"CODE_SIGN_IDENTITY[sdk=iphoneos*]" = "iPhone Developer";
				COPY_PHASE_STRIP = NO;
				DEBUG_INFORMATION_FORMAT = "dwarf-with-dsym";
				ENABLE_NS_ASSERTIONS = NO;
				ENABLE_STRICT_OBJC_MSGSEND = YES;
				GCC_C_LANGUAGE_STANDARD = gnu99;
				GCC_NO_COMMON_BLOCKS = YES;
				GCC_WARN_64_TO_32_BIT_CONVERSION = YES;
				GCC_WARN_ABOUT_RETURN_TYPE = YES_ERROR;
				GCC_WARN_UNDECLARED_SELECTOR = YES;
				GCC_WARN_UNINITIALIZED_AUTOS = YES_AGGRESSIVE;
				GCC_WARN_UNUSED_FUNCTION = YES;
				GCC_WARN_UNUSED_VARIABLE = YES;
				IPHONEOS_DEPLOYMENT_TARGET = 10.2;
				MTL_ENABLE_DEBUG_INFO = NO;
				SDKROOT = iphoneos;
				SWIFT_OPTIMIZATION_LEVEL = "-Owholemodule";
				TARGETED_DEVICE_FAMILY = "1,2";
				VALIDATE_PRODUCT = YES;
			};
			name = Release;
		};
		5E1B48741E83A07E003A437D /* Debug */ = {
			isa = XCBuildConfiguration;
			baseConfigurationReference = 4963EE052C46C9B4B4E3E8D2 /* Pods-immedia social.debug.xcconfig */;
			buildSettings = {
				ASSETCATALOG_COMPILER_APPICON_NAME = AppIcon;
				DEVELOPMENT_TEAM = 7V98VR8KP8;
				INFOPLIST_FILE = "immedia social/Info.plist";
				LD_RUNPATH_SEARCH_PATHS = "$(inherited) @executable_path/Frameworks";
				PRODUCT_BUNDLE_IDENTIFIER = "za.co.immedia.immediaSocial.immedia-social";
				PRODUCT_NAME = "$(TARGET_NAME)";
				SWIFT_VERSION = 3.0;
			};
			name = Debug;
		};
		5E1B48751E83A07E003A437D /* Release */ = {
			isa = XCBuildConfiguration;
			baseConfigurationReference = FA67DC00E6C5D9BD9D678FDC /* Pods-immedia social.release.xcconfig */;
			buildSettings = {
				ASSETCATALOG_COMPILER_APPICON_NAME = AppIcon;
				DEVELOPMENT_TEAM = 7V98VR8KP8;
				INFOPLIST_FILE = "immedia social/Info.plist";
				LD_RUNPATH_SEARCH_PATHS = "$(inherited) @executable_path/Frameworks";
				PRODUCT_BUNDLE_IDENTIFIER = "za.co.immedia.immediaSocial.immedia-social";
				PRODUCT_NAME = "$(TARGET_NAME)";
				SWIFT_VERSION = 3.0;
			};
			name = Release;
		};
		5E1B48771E83A07E003A437D /* Debug */ = {
			isa = XCBuildConfiguration;
			baseConfigurationReference = B96F6C950E31AB9063D802DE /* Pods-immedia socialTests.debug.xcconfig */;
			buildSettings = {
				ALWAYS_EMBED_SWIFT_STANDARD_LIBRARIES = YES;
				BUNDLE_LOADER = "$(TEST_HOST)";
				DEVELOPMENT_TEAM = 7V98VR8KP8;
				INFOPLIST_FILE = "immedia socialTests/Info.plist";
				LD_RUNPATH_SEARCH_PATHS = "$(inherited) @executable_path/Frameworks @loader_path/Frameworks";
				PRODUCT_BUNDLE_IDENTIFIER = "za.co.immedia.immediaSocial.immedia-socialTests";
				PRODUCT_NAME = "$(TARGET_NAME)";
				SWIFT_VERSION = 3.0;
				TEST_HOST = "$(BUILT_PRODUCTS_DIR)/immedia social.app/immedia social";
			};
			name = Debug;
		};
		5E1B48781E83A07E003A437D /* Release */ = {
			isa = XCBuildConfiguration;
			baseConfigurationReference = 6763F73FA711945D63A17B50 /* Pods-immedia socialTests.release.xcconfig */;
			buildSettings = {
				ALWAYS_EMBED_SWIFT_STANDARD_LIBRARIES = YES;
				BUNDLE_LOADER = "$(TEST_HOST)";
				DEVELOPMENT_TEAM = 7V98VR8KP8;
				INFOPLIST_FILE = "immedia socialTests/Info.plist";
				LD_RUNPATH_SEARCH_PATHS = "$(inherited) @executable_path/Frameworks @loader_path/Frameworks";
				PRODUCT_BUNDLE_IDENTIFIER = "za.co.immedia.immediaSocial.immedia-socialTests";
				PRODUCT_NAME = "$(TARGET_NAME)";
				SWIFT_VERSION = 3.0;
				TEST_HOST = "$(BUILT_PRODUCTS_DIR)/immedia social.app/immedia social";
			};
			name = Release;
		};
		5E1B487A1E83A07E003A437D /* Debug */ = {
			isa = XCBuildConfiguration;
			baseConfigurationReference = E8EE435AD73BAA3552D4DDB8 /* Pods-immedia socialUITests.debug.xcconfig */;
			buildSettings = {
				ALWAYS_EMBED_SWIFT_STANDARD_LIBRARIES = YES;
				DEVELOPMENT_TEAM = 7V98VR8KP8;
				INFOPLIST_FILE = "immedia socialUITests/Info.plist";
				LD_RUNPATH_SEARCH_PATHS = "$(inherited) @executable_path/Frameworks @loader_path/Frameworks";
				PRODUCT_BUNDLE_IDENTIFIER = "za.co.immedia.immediaSocial.immedia-socialUITests";
				PRODUCT_NAME = "$(TARGET_NAME)";
				SWIFT_VERSION = 3.0;
				TEST_TARGET_NAME = "immedia social";
			};
			name = Debug;
		};
		5E1B487B1E83A07E003A437D /* Release */ = {
			isa = XCBuildConfiguration;
			baseConfigurationReference = 3E67D1FDF14C8526D8822D9E /* Pods-immedia socialUITests.release.xcconfig */;
			buildSettings = {
				ALWAYS_EMBED_SWIFT_STANDARD_LIBRARIES = YES;
				DEVELOPMENT_TEAM = 7V98VR8KP8;
				INFOPLIST_FILE = "immedia socialUITests/Info.plist";
				LD_RUNPATH_SEARCH_PATHS = "$(inherited) @executable_path/Frameworks @loader_path/Frameworks";
				PRODUCT_BUNDLE_IDENTIFIER = "za.co.immedia.immediaSocial.immedia-socialUITests";
				PRODUCT_NAME = "$(TARGET_NAME)";
				SWIFT_VERSION = 3.0;
				TEST_TARGET_NAME = "immedia social";
			};
			name = Release;
		};
/* End XCBuildConfiguration section */

/* Begin XCConfigurationList section */
		5E1B48461E83A07E003A437D /* Build configuration list for PBXProject "immedia social" */ = {
			isa = XCConfigurationList;
			buildConfigurations = (
				5E1B48711E83A07E003A437D /* Debug */,
				5E1B48721E83A07E003A437D /* Release */,
			);
			defaultConfigurationIsVisible = 0;
			defaultConfigurationName = Release;
		};
		5E1B48731E83A07E003A437D /* Build configuration list for PBXNativeTarget "immedia social" */ = {
			isa = XCConfigurationList;
			buildConfigurations = (
				5E1B48741E83A07E003A437D /* Debug */,
				5E1B48751E83A07E003A437D /* Release */,
			);
			defaultConfigurationIsVisible = 0;
			defaultConfigurationName = Release;
		};
		5E1B48761E83A07E003A437D /* Build configuration list for PBXNativeTarget "immedia socialTests" */ = {
			isa = XCConfigurationList;
			buildConfigurations = (
				5E1B48771E83A07E003A437D /* Debug */,
				5E1B48781E83A07E003A437D /* Release */,
			);
			defaultConfigurationIsVisible = 0;
			defaultConfigurationName = Release;
		};
		5E1B48791E83A07E003A437D /* Build configuration list for PBXNativeTarget "immedia socialUITests" */ = {
			isa = XCConfigurationList;
			buildConfigurations = (
				5E1B487A1E83A07E003A437D /* Debug */,
				5E1B487B1E83A07E003A437D /* Release */,
			);
			defaultConfigurationIsVisible = 0;
			defaultConfigurationName = Release;
		};
/* End XCConfigurationList section */
	};
	rootObject = 5E1B48431E83A07E003A437D /* Project object */;
}
